
Microsoft Visual Studio Solution File, Format Version 12.00
Project("{FAE04EC0-301F-11D3-BF4B-00C04F79EFBC}") = "Catalogo", "Catalogo\Catalogo.csproj", "{97A6ADEF-8385-4663-86E6-9DB488ECFAD4}"
EndProject
Project("{FAE04EC0-301F-11D3-BF4B-00C04F79EFBC}") = "Dominio", "Dominio\Dominio.csproj", "{1F43406C-6658-47A7-AA73-4CC5DAB6C5FE}"
EndProject
Project("{FAE04EC0-301F-11D3-BF4B-00C04F79EFBC}") = "negocio", "negocio\negocio.csproj", "{95EF3666-5804-4E25-A3EF-1D9D7CFD6E2C}"
EndProject
Global
	GlobalSection(SolutionConfigurationPlatforms) = preSolution
		Debug|Any CPU = Debug|Any CPU
		Release|Any CPU = Release|Any CPU
	EndGlobalSection
	GlobalSection(ProjectConfigurationPlatforms) = postSolution
		{97A6ADEF-8385-4663-86E6-9DB488ECFAD4}.Debug|Any CPU.ActiveCfg = Debug|Any CPU
		{97A6ADEF-8385-4663-86E6-9DB488ECFAD4}.Debug|Any CPU.Build.0 = Debug|Any CPU
		{97A6ADEF-8385-4663-86E6-9DB488ECFAD4}.Release|Any CPU.ActiveCfg = Release|Any CPU
		{97A6ADEF-8385-4663-86E6-9DB488ECFAD4}.Release|Any CPU.Build.0 = Release|Any CPU
		{1F43406C-6658-47A7-AA73-4CC5DAB6C5FE}.Debug|Any CPU.ActiveCfg = Debug|Any CPU
		{1F43406C-6658-47A7-AA73-4CC5DAB6C5FE}.Debug|Any CPU.Build.0 = Debug|Any CPU
		{1F43406C-6658-47A7-AA73-4CC5DAB6C5FE}.Release|Any CPU.ActiveCfg = Release|Any CPU
		{1F43406C-6658-47A7-AA73-4CC5DAB6C5FE}.Release|Any CPU.Build.0 = Release|Any CPU
		{95EF3666-5804-4E25-A3EF-1D9D7CFD6E2C}.Debug|Any CPU.ActiveCfg = Debug|Any CPU
		{95EF3666-5804-4E25-A3EF-1D9D7CFD6E2C}.Debug|Any CPU.Build.0 = Debug|Any CPU
		{95EF3666-5804-4E25-A3EF-1D9D7CFD6E2C}.Release|Any CPU.ActiveCfg = Release|Any CPU
		{95EF3666-5804-4E25-A3EF-1D9D7CFD6E2C}.Release|Any CPU.Build.0 = Release|Any CPU
	EndGlobalSection
EndGlobal
